PODS:
  - Alamofire (5.2.1)
  - Realm (5.2.0):
    - Realm/Headers (= 5.2.0)
  - Realm/Headers (5.2.0)
  - RealmSwift (5.2.0):
    - Realm (= 5.2.0)
  - SDWebImage (5.8.2):
    - SDWebImage/Core (= 5.8.2)
  - SDWebImage/Core (5.8.2)
  - SwiftyJSON (5.0.0)

DEPENDENCIES:
  - Alamofire
  - RealmSwift
  - SDWebImage
  - SwiftyJSON

SPEC REPOS:
  trunk:
    - Alamofire
    - Realm
    - RealmSwift
    - SDWebImage
    - SwiftyJSON

SPEC CHECKSUMS:
  Alamofire: e911732990610fe89af59ac0077f923d72dc3dfd
  Realm: f749c723e272f08fdf1939af5e61d2bd09b203e8
  RealmSwift: bf0ab78b52c5bafba8b3ad73be8dfb4c1ea5cf01
  SDWebImage: f923a89d7344af399ba77b87a523ae747408207a
  SwiftyJSON: 36413e04c44ee145039d332b4f4e2d3e8d6c4db7

PODFILE CHECKSUM: 7e64db437c8ac619536ca0f4da0f8531149f0672

COCOAPODS: 1.9.0.beta.2
